// !$*UTF8*$!
{
	archiveVersion = 1;
	classes = {
	};
	objectVersion = 46;
	objects = {

/* Begin PBXBuildFile section */
		285A38C11C732AD100EC7325 /* main.m in Sources */ = {isa = PBXBuildFile; fileRef = 285A38C01C732AD100EC7325 /* main.m */; };
		285A38C41C732AD100EC7325 /* AppDelegate.m in Sources */ = {isa = PBXBuildFile; fileRef = 285A38C31C732AD100EC7325 /* AppDelegate.m */; };
		285A38C71C732AD100EC7325 /* ViewController.m in Sources */ = {isa = PBXBuildFile; fileRef = 285A38C61C732AD100EC7325 /* ViewController.m */; };
		285A38CA1C732AD100EC7325 /* Main.storyboard in Resources */ = {isa = PBXBuildFile; fileRef = 285A38C81C732AD100EC7325 /* Main.storyboard */; };
		285A38CC1C732AD100EC7325 /* Assets.xcassets in Resources */ = {isa = PBXBuildFile; fileRef = 285A38CB1C732AD100EC7325 /* Assets.xcassets */; };
		285A38CF1C732AD100EC7325 /* LaunchScreen.storyboard in Resources */ = {isa = PBXBuildFile; fileRef = 285A38CD1C732AD100EC7325 /* LaunchScreen.storyboard */; };
		285A38DA1C732AD100EC7325 /* Test4Tests.m in Sources */ = {isa = PBXBuildFile; fileRef = 285A38D91C732AD100EC7325 /* Test4Tests.m */; };
		285A38E51C732AD100EC7325 /* Test4UITests.m in Sources */ = {isa = PBXBuildFile; fileRef = 285A38E41C732AD100EC7325 /* Test4UITests.m */; };
		285A38F71C732BC200EC7325 /* TableViewController.m in Sources */ = {isa = PBXBuildFile; fileRef = 285A38F61C732BC200EC7325 /* TableViewController.m */; };
		285A38FA1C732BF900EC7325 /* TableViewCell.m in Sources */ = {isa = PBXBuildFile; fileRef = 285A38F91C732BF900EC7325 /* TableViewCell.m */; };
		285A39011C732DAB00EC7325 /* btnCheck.png in Resources */ = {isa = PBXBuildFile; fileRef = 285A38FB1C732DAB00EC7325 /* btnCheck.png */; };
		285A39021C732DAB00EC7325 /* btnCheck@2x.png in Resources */ = {isa = PBXBuildFile; fileRef = 285A38FC1C732DAB00EC7325 /* btnCheck@2x.png */; };
		285A39031C732DAB00EC7325 /* HUD.m in Sources */ = {isa = PBXBuildFile; fileRef = 285A38FE1C732DAB00EC7325 /* HUD.m */; };
		285A39041C732DAB00EC7325 /* MBProgressHUD.m in Sources */ = {isa = PBXBuildFile; fileRef = 285A39001C732DAB00EC7325 /* MBProgressHUD.m */; };
/* End PBXBuildFile section */

/* Begin PBXContainerItemProxy section */
		285A38D61C732AD100EC7325 /* PBXContainerItemProxy */ = {
			isa = PBXContainerItemProxy;
			containerPortal = 285A38B41C732AD100EC7325 /* Project object */;
			proxyType = 1;
			remoteGlobalIDString = 285A38BB1C732AD100EC7325;
			remoteInfo = Test4;
		};
		285A38E11C732AD100EC7325 /* PBXContainerItemProxy */ = {
			isa = PBXContainerItemProxy;
			containerPortal = 285A38B41C732AD100EC7325 /* Project object */;
			proxyType = 1;
			remoteGlobalIDString = 285A38BB1C732AD100EC7325;
			remoteInfo = Test4;
		};
/* End PBXContainerItemProxy section */

/* Begin PBXFileReference section */
		285A38BC1C732AD100EC7325 /* Test4.app */ = {isa = PBXFileReference; explicitFileType = wrapper.application; includeInIndex = 0; path = Test4.app; sourceTree = BUILT_PRODUCTS_DIR; };
		285A38C01C732AD100EC7325 /* main.m */ = {isa = PBXFileReference; lastKnownFileType = sourcecode.c.objc; path = main.m; sourceTree = "<group>"; };
		285A38C21C732AD100EC7325 /* AppDelegate.h */ = {isa = PBXFileReference; lastKnownFileType = sourcecode.c.h; path = AppDelegate.h; sourceTree = "<group>"; };
		285A38C31C732AD100EC7325 /* AppDelegate.m */ = {isa = PBXFileReference; lastKnownFileType = sourcecode.c.objc; path = AppDelegate.m; sourceTree = "<group>"; };
		285A38C51C732AD100EC7325 /* ViewController.h */ = {isa = PBXFileReference; lastKnownFileType = sourcecode.c.h; path = ViewController.h; sourceTree = "<group>"; };
		285A38C61C732AD100EC7325 /* ViewController.m */ = {isa = PBXFileReference; lastKnownFileType = sourcecode.c.objc; path = ViewController.m; sourceTree = "<group>"; };
		285A38C91C732AD100EC7325 /* Base */ = {isa = PBXFileReference; lastKnownFileType = file.storyboard; name = Base; path = Base.lproj/Main.storyboard; sourceTree = "<group>"; };
		285A38CB1C732AD100EC7325 /* Assets.xcassets */ = {isa = PBXFileReference; lastKnownFileType = folder.assetcatalog; path = Assets.xcassets; sourceTree = "<group>"; };
		285A38CE1C732AD100EC7325 /* Base */ = {isa = PBXFileReference; lastKnownFileType = file.storyboard; name = Base; path = Base.lproj/LaunchScreen.storyboard; sourceTree = "<group>"; };
		285A38D01C732AD100EC7325 /* Info.plist */ = {isa = PBXFileReference; lastKnownFileType = text.plist.xml; path = Info.plist; sourceTree = "<group>"; };
		285A38D51C732AD100EC7325 /* Test4Tests.xctest */ = {isa = PBXFileReference; explicitFileType = wrapper.cfbundle; includeInIndex = 0; path = Test4Tests.xctest; sourceTree = BUILT_PRODUCTS_DIR; };
		285A38D91C732AD100EC7325 /* Test4Tests.m */ = {isa = PBXFileReference; lastKnownFileType = sourcecode.c.objc; path = Test4Tests.m; sourceTree = "<group>"; };
		285A38DB1C732AD100EC7325 /* Info.plist */ = {isa = PBXFileReference; lastKnownFileType = text.plist.xml; path = Info.plist; sourceTree = "<group>"; };
		285A38E01C732AD100EC7325 /* Test4UITests.xctest */ = {isa = PBXFileReference; explicitFileType = wrapper.cfbundle; includeInIndex = 0; path = Test4UITests.xctest; sourceTree = BUILT_PRODUCTS_DIR; };
		285A38E41C732AD100EC7325 /* Test4UITests.m */ = {isa = PBXFileReference; lastKnownFileType = sourcecode.c.objc; path = Test4UITests.m; sourceTree = "<group>"; };
		285A38E61C732AD100EC7325 /* Info.plist */ = {isa = PBXFileReference; lastKnownFileType = text.plist.xml; path = Info.plist; sourceTree = "<group>"; };
		285A38F51C732BC200EC7325 /* TableViewController.h */ = {isa = PBXFileReference; fileEncoding = 4; lastKnownFileType = sourcecode.c.h; name = TableViewController.h; path = ../TableViewController.h; sourceTree = "<group>"; };
		285A38F61C732BC200EC7325 /* TableViewController.m */ = {isa = PBXFileReference; fileEncoding = 4; lastKnownFileType = sourcecode.c.objc; name = TableViewController.m; path = ../TableViewController.m; sourceTree = "<group>"; };
		285A38F81C732BF900EC7325 /* TableViewCell.h */ = {isa = PBXFileReference; fileEncoding = 4; lastKnownFileType = sourcecode.c.h; path = TableViewCell.h; sourceTree = "<group>"; };
		285A38F91C732BF900EC7325 /* TableViewCell.m */ = {isa = PBXFileReference; fileEncoding = 4; lastKnownFileType = sourcecode.c.objc; path = TableViewCell.m; sourceTree = "<group>"; };
		285A38FB1C732DAB00EC7325 /* btnCheck.png */ = {isa = PBXFileReference; lastKnownFileType = image.png; name = btnCheck.png; path = Test4/btnCheck.png; sourceTree = "<group>"; };
		285A38FC1C732DAB00EC7325 /* btnCheck@2x.png */ = {isa = PBXFileReference; lastKnownFileType = image.png; name = "btnCheck@2x.png"; path = "Test4/btnCheck@2x.png"; sourceTree = "<group>"; };
		285A38FD1C732DAB00EC7325 /* HUD.h */ = {isa = PBXFileReference; fileEncoding = 4; lastKnownFileType = sourcecode.c.h; name = HUD.h; path = Test4/HUD.h; sourceTree = "<group>"; };
		285A38FE1C732DAB00EC7325 /* HUD.m */ = {isa = PBXFileReference; fileEncoding = 4; lastKnownFileType = sourcecode.c.objc; name = HUD.m; path = Test4/HUD.m; sourceTree = "<group>"; };
		285A38FF1C732DAB00EC7325 /* MBProgressHUD.h */ = {isa = PBXFileReference; fileEncoding = 4; lastKnownFileType = sourcecode.c.h; name = MBProgressHUD.h; path = Test4/MBProgressHUD.h; sourceTree = "<group>"; };
		285A39001C732DAB00EC7325 /* MBProgressHUD.m */ = {isa = PBXFileReference; fileEncoding = 4; lastKnownFileType = sourcecode.c.objc; name = MBProgressHUD.m; path = Test4/MBProgressHUD.m; sourceTree = "<group>"; };
/* End PBXFileReference section */

/* Begin PBXFrameworksBuildPhase section */
		285A38B91C732AD100EC7325 /* Frameworks */ = {
			isa = PBXFrameworksBuildPhase;
			buildActionMask = 2147483647;
			files = (
			);
			runOnlyForDeploymentPostprocessing = 0;
		};
		285A38D21C732AD100EC7325 /* Frameworks */ = {
			isa = PBXFrameworksBuildPhase;
			buildActionMask = 2147483647;
			files = (
			);
			runOnlyForDeploymentPostprocessing = 0;
		};
		285A38DD1C732AD100EC7325 /* Frameworks */ = {
			isa = PBXFrameworksBuildPhase;
			buildActionMask = 2147483647;
			files = (
			);
			runOnlyForDeploymentPostprocessing = 0;
		};
/* End PBXFrameworksBuildPhase section */

/* Begin PBXGroup section */
		285A38B31C732AD100EC7325 = {
			isa = PBXGroup;
			children = (
				285A38BE1C732AD100EC7325 /* Test4 */,
				285A38D81C732AD100EC7325 /* Test4Tests */,
				285A38E31C732AD100EC7325 /* Test4UITests */,
				285A38BD1C732AD100EC7325 /* Products */,
			);
			sourceTree = "<group>";
		};
		285A38BD1C732AD100EC7325 /* Products */ = {
			isa = PBXGroup;
			children = (
				285A38BC1C732AD100EC7325 /* Test4.app */,
				285A38D51C732AD100EC7325 /* Test4Tests.xctest */,
				285A38E01C732AD100EC7325 /* Test4UITests.xctest */,
			);
			name = Products;
			sourceTree = "<group>";
		};
		285A38BE1C732AD100EC7325 /* Test4 */ = {
			isa = PBXGroup;
			children = (
				285A38C21C732AD100EC7325 /* AppDelegate.h */,
				285A38C31C732AD100EC7325 /* AppDelegate.m */,
				285A38C51C732AD100EC7325 /* ViewController.h */,
				285A38C61C732AD100EC7325 /* ViewController.m */,
				285A38C81C732AD100EC7325 /* Main.storyboard */,
				285A38F81C732BF900EC7325 /* TableViewCell.h */,
				285A38F91C732BF900EC7325 /* TableViewCell.m */,
				285A38F51C732BC200EC7325 /* TableViewController.h */,
				285A38F61C732BC200EC7325 /* TableViewController.m */,
				285A38CB1C732AD100EC7325 /* Assets.xcassets */,
				285A38CD1C732AD100EC7325 /* LaunchScreen.storyboard */,
				285A38D01C732AD100EC7325 /* Info.plist */,
				285A39051C732DB200EC7325 /* HUD */,
				285A38BF1C732AD100EC7325 /* Supporting Files */,
			);
			path = Test4;
			sourceTree = "<group>";
		};
		285A38BF1C732AD100EC7325 /* Supporting Files */ = {
			isa = PBXGroup;
			children = (
				285A38C01C732AD100EC7325 /* main.m */,
			);
			name = "Supporting Files";
			sourceTree = "<group>";
		};
		285A38D81C732AD100EC7325 /* Test4Tests */ = {
			isa = PBXGroup;
			children = (
				285A38D91C732AD100EC7325 /* Test4Tests.m */,
				285A38DB1C732AD100EC7325 /* Info.plist */,
			);
			path = Test4Tests;
			sourceTree = "<group>";
		};
		285A38E31C732AD100EC7325 /* Test4UITests */ = {
			isa = PBXGroup;
			children = (
				285A38E41C732AD100EC7325 /* Test4UITests.m */,
				285A38E61C732AD100EC7325 /* Info.plist */,
			);
			path = Test4UITests;
			sourceTree = "<group>";
		};
		285A39051C732DB200EC7325 /* HUD */ = {
			isa = PBXGroup;
			children = (
				285A38FB1C732DAB00EC7325 /* btnCheck.png */,
				285A38FC1C732DAB00EC7325 /* btnCheck@2x.png */,
				285A38FD1C732DAB00EC7325 /* HUD.h */,
				285A38FE1C732DAB00EC7325 /* HUD.m */,
				285A38FF1C732DAB00EC7325 /* MBProgressHUD.h */,
				285A39001C732DAB00EC7325 /* MBProgressHUD.m */,
			);
			name = HUD;
			path = ..;
			sourceTree = "<group>";
		};
/* End PBXGroup section */

/* Begin PBXNativeTarget section */
		285A38BB1C732AD100EC7325 /* Test4 */ = {
			isa = PBXNativeTarget;
			buildConfigurationList = 285A38E91C732AD100EC7325 /* Build configuration list for PBXNativeTarget "Test4" */;
			buildPhases = (
				285A38B81C732AD100EC7325 /* Sources */,
				285A38B91C732AD100EC7325 /* Frameworks */,
				285A38BA1C732AD100EC7325 /* Resources */,
			);
			buildRules = (
			);
			dependencies = (
			);
			name = Test4;
			productName = Test4;
			productReference = 285A38BC1C732AD100EC7325 /* Test4.app */;
			productType = "com.apple.product-type.application";
		};
		285A38D41C732AD100EC7325 /* Test4Tests */ = {
			isa = PBXNativeTarget;
			buildConfigurationList = 285A38EC1C732AD100EC7325 /* Build configuration list for PBXNativeTarget "Test4Tests" */;
			buildPhases = (
				285A38D11C732AD100EC7325 /* Sources */,
				285A38D21C732AD100EC7325 /* Frameworks */,
				285A38D31C732AD100EC7325 /* Resources */,
			);
			buildRules = (
			);
			dependencies = (
				285A38D71C732AD100EC7325 /* PBXTargetDependency */,
			);
			name = Test4Tests;
			productName = Test4Tests;
			productReference = 285A38D51C732AD100EC7325 /* Test4Tests.xctest */;
			productType = "com.apple.product-type.bundle.unit-test";
		};
		285A38DF1C732AD100EC7325 /* Test4UITests */ = {
			isa = PBXNativeTarget;
			buildConfigurationList = 285A38EF1C732AD100EC7325 /* Build configuration list for PBXNativeTarget "Test4UITests" */;
			buildPhases = (
				285A38DC1C732AD100EC7325 /* Sources */,
				285A38DD1C732AD100EC7325 /* Frameworks */,
				285A38DE1C732AD100EC7325 /* Resources */,
			);
			buildRules = (
			);
			dependencies = (
				285A38E21C732AD100EC7325 /* PBXTargetDependency */,
			);
			name = Test4UITests;
			productName = Test4UITests;
			productReference = 285A38E01C732AD100EC7325 /* Test4UITests.xctest */;
			productType = "com.apple.product-type.bundle.ui-testing";
		};
/* End PBXNativeTarget section */

/* Begin PBXProject section */
		285A38B41C732AD100EC7325 /* Project object */ = {
			isa = PBXProject;
			attributes = {
				LastUpgradeCheck = 0720;
				ORGANIZATIONNAME = "Quazi Ridwan Hasib";
				TargetAttributes = {
					285A38BB1C732AD100EC7325 = {
						CreatedOnToolsVersion = 7.2.1;
						DevelopmentTeam = ARD7PW3W7N;
					};
					285A38D41C732AD100EC7325 = {
						CreatedOnToolsVersion = 7.2.1;
						DevelopmentTeam = ARD7PW3W7N;
						TestTargetID = 285A38BB1C732AD100EC7325;
					};
					285A38DF1C732AD100EC7325 = {
						CreatedOnToolsVersion = 7.2.1;
						DevelopmentTeam = ARD7PW3W7N;
						TestTargetID = 285A38BB1C732AD100EC7325;
					};
				};
			};
			buildConfigurationList = 285A38B71C732AD100EC7325 /* Build configuration list for PBXProject "Test4" */;
			compatibilityVersion = "Xcode 3.2";
			developmentRegion = English;
			hasScannedForEncodings = 0;
			knownRegions = (
				en,
				Base,
			);
			mainGroup = 285A38B31C732AD100EC7325;
			productRefGroup = 285A38BD1C732AD100EC7325 /* Products */;
			projectDirPath = "";
			projectRoot = "";
			targets = (
				285A38BB1C732AD100EC7325 /* Test4 */,
				285A38D41C732AD100EC7325 /* Test4Tests */,
				285A38DF1C732AD100EC7325 /* Test4UITests */,
			);
		};
/* End PBXProject section */

/* Begin PBXResourcesBuildPhase section */
		285A38BA1C732AD100EC7325 /* Resources */ = {
			isa = PBXResourcesBuildPhase;
			buildActionMask = 2147483647;
			files = (
				285A39021C732DAB00EC7325 /* btnCheck@2x.png in Resources */,
				285A38CF1C732AD100EC7325 /* LaunchScreen.storyboard in Resources */,
				285A39011C732DAB00EC7325 /* btnCheck.png in Resources */,
				285A38CC1C732AD100EC7325 /* Assets.xcassets in Resources */,
				285A38CA1C732AD100EC7325 /* Main.storyboard in Resources */,
			);
			runOnlyForDeploymentPostprocessing = 0;
		};
		285A38D31C732AD100EC7325 /* Resources */ = {
			isa = PBXResourcesBuildPhase;
			buildActionMask = 2147483647;
			files = (
			);
			runOnlyForDeploymentPostprocessing = 0;
		};
		285A38DE1C732AD100EC7325 /* Resources */ = {
			isa = PBXResourcesBuildPhase;
			buildActionMask = 2147483647;
			files = (
			);
			runOnlyForDeploymentPostprocessing = 0;
		};
/* End PBXResourcesBuildPhase section */

/* Begin PBXSourcesBuildPhase section */
		285A38B81C732AD100EC7325 /* Sources */ = {
			isa = PBXSourcesBuildPhase;
			buildActionMask = 2147483647;
			files = (
				285A38C71C732AD100EC7325 /* ViewController.m in Sources */,
				285A38C41C732AD100EC7325 /* AppDelegate.m in Sources */,
				285A38C11C732AD100EC7325 /* main.m in Sources */,
				285A39031C732DAB00EC7325 /* HUD.m in Sources */,
				285A38FA1C732BF900EC7325 /* TableViewCell.m in Sources */,
				285A38F71C732BC200EC7325 /* TableViewController.m in Sources */,
				285A39041C732DAB00EC7325 /* MBProgressHUD.m in Sources */,
			);
			runOnlyForDeploymentPostprocessing = 0;
		};
		285A38D11C732AD100EC7325 /* Sources */ = {
			isa = PBXSourcesBuildPhase;
			buildActionMask = 2147483647;
			files = (
				285A38DA1C732AD100EC7325 /* Test4Tests.m in Sources */,
			);
			runOnlyForDeploymentPostprocessing = 0;
		};
		285A38DC1C732AD100EC7325 /* Sources */ = {
			isa = PBXSourcesBuildPhase;
			buildActionMask = 2147483647;
			files = (
				285A38E51C732AD100EC7325 /* Test4UITests.m in Sources */,
			);
			runOnlyForDeploymentPostprocessing = 0;
		};
/* End PBXSourcesBuildPhase section */

/* Begin PBXTargetDependency section */
		285A38D71C732AD100EC7325 /* PBXTargetDependency */ = {
			isa = PBXTargetDependency;
			target = 285A38BB1C732AD100EC7325 /* Test4 */;
			targetProxy = 285A38D61C732AD100EC7325 /* PBXContainerItemProxy */;
		};
		285A38E21C732AD100EC7325 /* PBXTargetDependency */ = {
			isa = PBXTargetDependency;
			target = 285A38BB1C732AD100EC7325 /* Test4 */;
			targetProxy = 285A38E11C732AD100EC7325 /* PBXContainerItemProxy */;
		};
/* End PBXTargetDependency section */

/* Begin PBXVariantGroup section */
		285A38C81C732AD100EC7325 /* Main.storyboard */ = {
			isa = PBXVariantGroup;
			children = (
				285A38C91C732AD100EC7325 /* Base */,
			);
			name = Main.storyboard;
			sourceTree = "<group>";
		};
		285A38CD1C732AD100EC7325 /* LaunchScreen.storyboard */ = {
			isa = PBXVariantGroup;
			children = (
				285A38CE1C732AD100EC7325 /* Base */,
			);
			name = LaunchScreen.storyboard;
			sourceTree = "<group>";
		};
/* End PBXVariantGroup section */

/* Begin XCBuildConfiguration section */
		285A38E71C732AD100EC7325 /* Debug */ = {
			isa = XCBuildConfiguration;
			buildSettings = {
				ALWAYS_SEARCH_USER_PATHS = NO;
				CLANG_CXX_LANGUAGE_STANDARD = "gnu++0x";
				CLANG_CXX_LIBRARY = "libc++";
				CLANG_ENABLE_MODULES = YES;
				CLANG_ENABLE_OBJC_ARC = YES;
				CLANG_WARN_BOOL_CONVERSION = YES;
				CLANG_WARN_CONSTANT_CONVERSION = YES;
				CLANG_WARN_DIRECT_OBJC_ISA_USAGE = YES_ERROR;
				CLANG_WARN_EMPTY_BODY = YES;
				CLANG_WARN_ENUM_CONVERSION = YES;
				CLANG_WARN_INT_CONVERSION = YES;
				CLANG_WARN_OBJC_ROOT_CLASS = YES_ERROR;
				CLANG_WARN_UNREACHABLE_CODE = YES;
				CLANG_WARN__DUPLICATE_METHOD_MATCH = YES;
				"CODE_SIGN_IDENTITY[sdk=iphoneos*]" = "iPhone Developer";
				COPY_PHASE_STRIP = NO;
				DEBUG_INFORMATION_FORMAT = dwarf;
				ENABLE_STRICT_OBJC_MSGSEND = YES;
				ENABLE_TESTABILITY = YES;
				GCC_C_LANGUAGE_STANDARD = gnu99;
				GCC_DYNAMIC_NO_PIC = NO;
				GCC_NO_COMMON_BLOCKS = YES;
				GCC_OPTIMIZATION_LEVEL = 0;
				GCC_PREPROCESSOR_DEFINITIONS = (
					"DEBUG=1",
					"$(inherited)",
				);
				GCC_WARN_64_TO_32_BIT_CONVERSION = YES;
				GCC_WARN_ABOUT_RETURN_TYPE = YES_ERROR;
				GCC_WARN_UNDECLARED_SELECTOR = YES;
				GCC_WARN_UNINITIALIZED_AUTOS = YES_AGGRESSIVE;
				GCC_WARN_UNUSED_FUNCTION = YES;
				GCC_WARN_UNUSED_VARIABLE = YES;
				IPHONEOS_DEPLOYMENT_TARGET = 9.2;
				MTL_ENABLE_DEBUG_INFO = YES;
				ONLY_ACTIVE_ARCH = YES;
				SDKROOT = iphoneos;
				TARGETED_DEVICE_FAMILY = "1,2";
			};
			name = Debug;
		};
		285A38E81C732AD100EC7325 /* Release */ = {
			isa = XCBuildConfiguration;
			buildSettings = {
				ALWAYS_SEARCH_USER_PATHS = NO;
				CLANG_CXX_LANGUAGE_STANDARD = "gnu++0x";
				CLANG_CXX_LIBRARY = "libc++";
				CLANG_ENABLE_MODULES = YES;
				CLANG_ENABLE_OBJC_ARC = YES;
				CLANG_WARN_BOOL_CONVERSION = YES;
				CLANG_WARN_CONSTANT_CONVERSION = YES;
				CLANG_WARN_DIRECT_OBJC_ISA_USAGE = YES_ERROR;
				CLANG_WARN_EMPTY_BODY = YES;
				CLANG_WARN_ENUM_CONVERSION = YES;
				CLANG_WARN_INT_CONVERSION = YES;
				CLANG_WARN_OBJC_ROOT_CLASS = YES_ERROR;
				CLANG_WARN_UNREACHABLE_CODE = YES;
				CLANG_WARN__DUPLICATE_METHOD_MATCH = YES;
				"CODE_SIGN_IDENTITY[sdk=iphoneos*]" = "iPhone Developer";
				COPY_PHASE_STRIP = NO;
				DEBUG_INFORMATION_FORMAT = "dwarf-with-dsym";
				ENABLE_NS_ASSERTIONS = NO;
				ENABLE_STRICT_OBJC_MSGSEND = YES;
				GCC_C_LANGUAGE_STANDARD = gnu99;
				GCC_NO_COMMON_BLOCKS = YES;
				GCC_WARN_64_TO_32_BIT_CONVERSION = YES;
				GCC_WARN_ABOUT_RETURN_TYPE = YES_ERROR;
				GCC_WARN_UNDECLARED_SELECTOR = YES;
				GCC_WARN_UNINITIALIZED_AUTOS = YES_AGGRESSIVE;
				GCC_WARN_UNUSED_FUNCTION = YES;
				GCC_WARN_UNUSED_VARIABLE = YES;
				IPHONEOS_DEPLOYMENT_TARGET = 9.2;
				MTL_ENABLE_DEBUG_INFO = NO;
				SDKROOT = iphoneos;
				TARGETED_DEVICE_FAMILY = "1,2";
				VALIDATE_PRODUCT = YES;
			};
			name = Release;
		};
		285A38EA1C732AD100EC7325 /* Debug */ = {
			isa = XCBuildConfiguration;
			buildSettings = {
				ASSETCATALOG_COMPILER_APPICON_NAME = AppIcon;
				INFOPLIST_FILE = Test4/Info.plist;
				LD_RUNPATH_SEARCH_PATHS = "$(inherited) @executable_path/Frameworks";
				PRODUCT_BUNDLE_IDENTIFIER = first.Test4;
				PRODUCT_NAME = "$(TARGET_NAME)";
			};
			name = Debug;
		};
		285A38EB1C732AD100EC7325 /* Release */ = {
			isa = XCBuildConfiguration;
			buildSettings = {
				ASSETCATALOG_COMPILER_APPICON_NAME = AppIcon;
				INFOPLIST_FILE = Test4/Info.plist;
				LD_RUNPATH_SEARCH_PATHS = "$(inherited) @executable_path/Frameworks";
				PRODUCT_BUNDLE_IDENTIFIER = first.Test4;
				PRODUCT_NAME = "$(TARGET_NAME)";
			};
			name = Release;
		};
		285A38ED1C732AD100EC7325 /* Debug */ = {
			isa = XCBuildConfiguration;
			buildSettings = {
				BUNDLE_LOADER = "$(TEST_HOST)";
				INFOPLIST_FILE = Test4Tests/Info.plist;
				LD_RUNPATH_SEARCH_PATHS = "$(inherited) @executable_path/Frameworks @loader_path/Frameworks";
				PRODUCT_BUNDLE_IDENTIFIER = first.Test4Tests;
				PRODUCT_NAME = "$(TARGET_NAME)";
				TEST_HOST = "$(BUILT_PRODUCTS_DIR)/Test4.app/Test4";
			};
			name = Debug;
		};
		285A38EE1C732AD100EC7325 /* Release */ = {
			isa = XCBuildConfiguration;
			buildSettings = {
				BUNDLE_LOADER = "$(TEST_HOST)";
				INFOPLIST_FILE = Test4Tests/Info.plist;
				LD_RUNPATH_SEARCH_PATHS = "$(inherited) @executable_path/Frameworks @loader_path/Frameworks";
				PRODUCT_BUNDLE_IDENTIFIER = first.Test4Tests;
				PRODUCT_NAME = "$(TARGET_NAME)";
				TEST_HOST = "$(BUILT_PRODUCTS_DIR)/Test4.app/Test4";
			};
			name = Release;
		};
		285A38F01C732AD100EC7325 /* Debug */ = {
			isa = XCBuildConfiguration;
			buildSettings = {
				INFOPLIST_FILE = Test4UITests/Info.plist;
				LD_RUNPATH_SEARCH_PATHS = "$(inherited) @executable_path/Frameworks @loader_path/Frameworks";
				PRODUCT_BUNDLE_IDENTIFIER = first.Test4UITests;
				PRODUCT_NAME = "$(TARGET_NAME)";
				TEST_TARGET_NAME = Test4;
				USES_XCTRUNNER = YES;
			};
			name = Debug;
		};
		285A38F11C732AD100EC7325 /* Release */ = {
			isa = XCBuildConfiguration;
			buildSettings = {
				INFOPLIST_FILE = Test4UITests/Info.plist;
				LD_RUNPATH_SEARCH_PATHS = "$(inherited) @executable_path/Frameworks @loader_path/Frameworks";
				PRODUCT_BUNDLE_IDENTIFIER = first.Test4UITests;
				PRODUCT_NAME = "$(TARGET_NAME)";
				TEST_TARGET_NAME = Test4;
				USES_XCTRUNNER = YES;
			};
			name = Release;
		};
/* End XCBuildConfiguration section */

/* Begin XCConfigurationList section */
		285A38B71C732AD100EC7325 /* Build configuration list for PBXProject "Test4" */ = {
			isa = XCConfigurationList;
			buildConfigurations = (
				285A38E71C732AD100EC7325 /* Debug */,
				285A38E81C732AD100EC7325 /* Release */,
			);
			defaultConfigurationIsVisible = 0;
			defaultConfigurationName = Release;
		};
		285A38E91C732AD100EC7325 /* Build configuration list for PBXNativeTarget "Test4" */ = {
			isa = XCConfigurationList;
			buildConfigurations = (
				285A38EA1C732AD100EC7325 /* Debug */,
				285A38EB1C732AD100EC7325 /* Release */,
			);
			defaultConfigurationIsVisible = 0;
		};
		285A38EC1C732AD100EC7325 /* Build configuration list for PBXNativeTarget "Test4Tests" */ = {
			isa = XCConfigurationList;
			buildConfigurations = (
				285A38ED1C732AD100EC7325 /* Debug */,
				285A38EE1C732AD100EC7325 /* Release */,
			);
			defaultConfigurationIsVisible = 0;
		};
		285A38EF1C732AD100EC7325 /* Build configuration list for PBXNativeTarget "Test4UITests" */ = {
			isa = XCConfigurationList;
			buildConfigurations = (
				285A38F01C732AD100EC7325 /* Debug */,
				285A38F11C732AD100EC7325 /* Release */,
			);
			defaultConfigurationIsVisible = 0;
		};
/* End XCConfigurationList section */
	};
	rootObject = 285A38B41C732AD100EC7325 /* Project object */;
}
